
Microsoft Visual Studio Solution File, Format Version 12.00
# Visual Studio Version 16
VisualStudioVersion = 16.0.29209.62
MinimumVisualStudioVersion = 10.0.40219.1
Project("{FAE04EC0-301F-11D3-BF4B-00C04F79EFBC}") = "P3Csharp", "P3Csharp\P3Csharp.csproj", "{7FA5FCA0-B85B-4DFF-BEDF-068C1FA37285}"
EndProject
Global
	GlobalSection(SolutionConfigurationPlatforms) = preSolution
		Debug|Any CPU = Debug|Any CPU
		Release|Any CPU = Release|Any CPU
	EndGlobalSection
	GlobalSection(ProjectConfigurationPlatforms) = postSolution
		{7FA5FCA0-B85B-4DFF-BEDF-068C1FA37285}.Debug|Any CPU.ActiveCfg = Debug|Any CPU
		{7FA5FCA0-B85B-4DFF-BEDF-068C1FA37285}.Debug|Any CPU.Build.0 = Debug|Any CPU
		{7FA5FCA0-B85B-4DFF-BEDF-068C1FA37285}.Release|Any CPU.ActiveCfg = Release|Any CPU
		{7FA5FCA0-B85B-4DFF-BEDF-068C1FA37285}.Release|Any CPU.Build.0 = Release|Any CPU
	EndGlobalSection
	GlobalSection(SolutionProperties) = preSolution
		HideSolutionNode = FALSE
	EndGlobalSection
	GlobalSection(ExtensibilityGlobals) = postSolution
		SolutionGuid = {DB3FA9E4-87D9-484E-82D5-DF3DF9DEAD30}
	EndGlobalSection
EndGlobal
